// !$*UTF8*$!
{
	archiveVersion = 1;
	classes = {
	};
	objectVersion = 56;
	objects = {

/* Begin PBXBuildFile section */
		E61F24FE291930E300F251A3 /* AppDelegate.swift in Sources */ = {isa = PBXBuildFile; fileRef = E61F24FD291930E300F251A3 /* AppDelegate.swift */; };
		E61F2500291930E300F251A3 /* SceneDelegate.swift in Sources */ = {isa = PBXBuildFile; fileRef = E61F24FF291930E300F251A3 /* SceneDelegate.swift */; };
		E61F2502291930E300F251A3 /* ViewController.swift in Sources */ = {isa = PBXBuildFile; fileRef = E61F2501291930E300F251A3 /* ViewController.swift */; };
		E61F2505291930E300F251A3 /* Main.storyboard in Resources */ = {isa = PBXBuildFile; fileRef = E61F2503291930E300F251A3 /* Main.storyboard */; };
		E61F2508291930E300F251A3 /* QixinCooperationAgency.xcdatamodeld in Sources */ = {isa = PBXBuildFile; fileRef = E61F2506291930E300F251A3 /* QixinCooperationAgency.xcdatamodeld */; };
		E61F250A291930E500F251A3 /* Assets.xcassets in Resources */ = {isa = PBXBuildFile; fileRef = E61F2509291930E500F251A3 /* Assets.xcassets */; };
		E61F250D291930E500F251A3 /* LaunchScreen.storyboard in Resources */ = {isa = PBXBuildFile; fileRef = E61F250B291930E500F251A3 /* LaunchScreen.storyboard */; };
		E61F2518291930E500F251A3 /* QixinCooperationAgencyTests.swift in Sources */ = {isa = PBXBuildFile; fileRef = E61F2517291930E500F251A3 /* QixinCooperationAgencyTests.swift */; };
		E61F2522291930E500F251A3 /* QixinCooperationAgencyUITests.swift in Sources */ = {isa = PBXBuildFile; fileRef = E61F2521291930E500F251A3 /* QixinCooperationAgencyUITests.swift */; };
		E61F2524291930E500F251A3 /* QixinCooperationAgencyUITestsLaunchTests.swift in Sources */ = {isa = PBXBuildFile; fileRef = E61F2523291930E500F251A3 /* QixinCooperationAgencyUITestsLaunchTests.swift */; };
/* End PBXBuildFile section */

/* Begin PBXContainerItemProxy section */
		E61F2514291930E500F251A3 /* PBXContainerItemProxy */ = {
			isa = PBXContainerItemProxy;
			containerPortal = E61F24F2291930E300F251A3 /* Project object */;
			proxyType = 1;
			remoteGlobalIDString = E61F24F9291930E300F251A3;
			remoteInfo = QixinCooperationAgency;
		};
		E61F251E291930E500F251A3 /* PBXContainerItemProxy */ = {
			isa = PBXContainerItemProxy;
			containerPortal = E61F24F2291930E300F251A3 /* Project object */;
			proxyType = 1;
			remoteGlobalIDString = E61F24F9291930E300F251A3;
			remoteInfo = QixinCooperationAgency;
		};
/* End PBXContainerItemProxy section */

/* Begin PBXFileReference section */
		E61F24FA291930E300F251A3 /* QixinCooperationAgency.app */ = {isa = PBXFileReference; explicitFileType = wrapper.application; includeInIndex = 0; path = QixinCooperationAgency.app; sourceTree = BUILT_PRODUCTS_DIR; };
		E61F24FD291930E300F251A3 /* AppDelegate.swift */ = {isa = PBXFileReference; lastKnownFileType = sourcecode.swift; path = AppDelegate.swift; sourceTree = "<group>"; };
		E61F24FF291930E300F251A3 /* SceneDelegate.swift */ = {isa = PBXFileReference; lastKnownFileType = sourcecode.swift; path = SceneDelegate.swift; sourceTree = "<group>"; };
		E61F2501291930E300F251A3 /* ViewController.swift */ = {isa = PBXFileReference; lastKnownFileType = sourcecode.swift; path = ViewController.swift; sourceTree = "<group>"; };
		E61F2504291930E300F251A3 /* Base */ = {isa = PBXFileReference; lastKnownFileType = file.storyboard; name = Base; path = Base.lproj/Main.storyboard; sourceTree = "<group>"; };
		E61F2507291930E300F251A3 /* QixinCooperationAgency.xcdatamodel */ = {isa = PBXFileReference; lastKnownFileType = wrapper.xcdatamodel; path = QixinCooperationAgency.xcdatamodel; sourceTree = "<group>"; };
		E61F2509291930E500F251A3 /* Assets.xcassets */ = {isa = PBXFileReference; lastKnownFileType = folder.assetcatalog; path = Assets.xcassets; sourceTree = "<group>"; };
		E61F250C291930E500F251A3 /* Base */ = {isa = PBXFileReference; lastKnownFileType = file.storyboard; name = Base; path = Base.lproj/LaunchScreen.storyboard; sourceTree = "<group>"; };
		E61F250E291930E500F251A3 /* Info.plist */ = {isa = PBXFileReference; lastKnownFileType = text.plist.xml; path = Info.plist; sourceTree = "<group>"; };
		E61F2513291930E500F251A3 /* QixinCooperationAgencyTests.xctest */ = {isa = PBXFileReference; explicitFileType = wrapper.cfbundle; includeInIndex = 0; path = QixinCooperationAgencyTests.xctest; sourceTree = BUILT_PRODUCTS_DIR; };
		E61F2517291930E500F251A3 /* QixinCooperationAgencyTests.swift */ = {isa = PBXFileReference; lastKnownFileType = sourcecode.swift; path = QixinCooperationAgencyTests.swift; sourceTree = "<group>"; };
		E61F251D291930E500F251A3 /* QixinCooperationAgencyUITests.xctest */ = {isa = PBXFileReference; explicitFileType = wrapper.cfbundle; includeInIndex = 0; path = QixinCooperationAgencyUITests.xctest; sourceTree = BUILT_PRODUCTS_DIR; };
		E61F2521291930E500F251A3 /* QixinCooperationAgencyUITests.swift */ = {isa = PBXFileReference; lastKnownFileType = sourcecode.swift; path = QixinCooperationAgencyUITests.swift; sourceTree = "<group>"; };
		E61F2523291930E500F251A3 /* QixinCooperationAgencyUITestsLaunchTests.swift */ = {isa = PBXFileReference; lastKnownFileType = sourcecode.swift; path = QixinCooperationAgencyUITestsLaunchTests.swift; sourceTree = "<group>"; };
/* End PBXFileReference section */

/* Begin PBXFrameworksBuildPhase section */
		E61F24F7291930E300F251A3 /* Frameworks */ = {
			isa = PBXFrameworksBuildPhase;
			buildActionMask = 2147483647;
			files = (
			);
			runOnlyForDeploymentPostprocessing = 0;
		};
		E61F2510291930E500F251A3 /* Frameworks */ = {
			isa = PBXFrameworksBuildPhase;
			buildActionMask = 2147483647;
			files = (
			);
			runOnlyForDeploymentPostprocessing = 0;
		};
		E61F251A291930E500F251A3 /* Frameworks */ = {
			isa = PBXFrameworksBuildPhase;
			buildActionMask = 2147483647;
			files = (
			);
			runOnlyForDeploymentPostprocessing = 0;
		};
/* End PBXFrameworksBuildPhase section */

/* Begin PBXGroup section */
		E61F24F1291930E300F251A3 = {
			isa = PBXGroup;
			children = (
				E61F24FC291930E300F251A3 /* QixinCooperationAgency */,
				E61F2516291930E500F251A3 /* QixinCooperationAgencyTests */,
				E61F2520291930E500F251A3 /* QixinCooperationAgencyUITests */,
				E61F24FB291930E300F251A3 /* Products */,
			);
			sourceTree = "<group>";
		};
		E61F24FB291930E300F251A3 /* Products */ = {
			isa = PBXGroup;
			children = (
				E61F24FA291930E300F251A3 /* QixinCooperationAgency.app */,
				E61F2513291930E500F251A3 /* QixinCooperationAgencyTests.xctest */,
				E61F251D291930E500F251A3 /* QixinCooperationAgencyUITests.xctest */,
			);
			name = Products;
			sourceTree = "<group>";
		};
		E61F24FC291930E300F251A3 /* QixinCooperationAgency */ = {
			isa = PBXGroup;
			children = (
				E61F24FD291930E300F251A3 /* AppDelegate.swift */,
				E61F24FF291930E300F251A3 /* SceneDelegate.swift */,
				E61F2501291930E300F251A3 /* ViewController.swift */,
				E61F2503291930E300F251A3 /* Main.storyboard */,
				E61F2509291930E500F251A3 /* Assets.xcassets */,
				E61F250B291930E500F251A3 /* LaunchScreen.storyboard */,
				E61F250E291930E500F251A3 /* Info.plist */,
				E61F2506291930E300F251A3 /* QixinCooperationAgency.xcdatamodeld */,
			);
			path = QixinCooperationAgency;
			sourceTree = "<group>";
		};
		E61F2516291930E500F251A3 /* QixinCooperationAgencyTests */ = {
			isa = PBXGroup;
			children = (
				E61F2517291930E500F251A3 /* QixinCooperationAgencyTests.swift */,
			);
			path = QixinCooperationAgencyTests;
			sourceTree = "<group>";
		};
		E61F2520291930E500F251A3 /* QixinCooperationAgencyUITests */ = {
			isa = PBXGroup;
			children = (
				E61F2521291930E500F251A3 /* QixinCooperationAgencyUITests.swift */,
				E61F2523291930E500F251A3 /* QixinCooperationAgencyUITestsLaunchTests.swift */,
			);
			path = QixinCooperationAgencyUITests;
			sourceTree = "<group>";
		};
/* End PBXGroup section */

/* Begin PBXNativeTarget section */
		E61F24F9291930E300F251A3 /* QixinCooperationAgency */ = {
			isa = PBXNativeTarget;
			buildConfigurationList = E61F2527291930E500F251A3 /* Build configuration list for PBXNativeTarget "QixinCooperationAgency" */;
			buildPhases = (
				E61F24F6291930E300F251A3 /* Sources */,
				E61F24F7291930E300F251A3 /* Frameworks */,
				E61F24F8291930E300F251A3 /* Resources */,
			);
			buildRules = (
			);
			dependencies = (
			);
			name = QixinCooperationAgency;
			productName = QixinCooperationAgency;
			productReference = E61F24FA291930E300F251A3 /* QixinCooperationAgency.app */;
			productType = "com.apple.product-type.application";
		};
		E61F2512291930E500F251A3 /* QixinCooperationAgencyTests */ = {
			isa = PBXNativeTarget;
			buildConfigurationList = E61F252A291930E500F251A3 /* Build configuration list for PBXNativeTarget "QixinCooperationAgencyTests" */;
			buildPhases = (
				E61F250F291930E500F251A3 /* Sources */,
				E61F2510291930E500F251A3 /* Frameworks */,
				E61F2511291930E500F251A3 /* Resources */,
			);
			buildRules = (
			);
			dependencies = (
				E61F2515291930E500F251A3 /* PBXTargetDependency */,
			);
			name = QixinCooperationAgencyTests;
			productName = QixinCooperationAgencyTests;
			productReference = E61F2513291930E500F251A3 /* QixinCooperationAgencyTests.xctest */;
			productType = "com.apple.product-type.bundle.unit-test";
		};
		E61F251C291930E500F251A3 /* QixinCooperationAgencyUITests */ = {
			isa = PBXNativeTarget;
			buildConfigurationList = E61F252D291930E500F251A3 /* Build configuration list for PBXNativeTarget "QixinCooperationAgencyUITests" */;
			buildPhases = (
				E61F2519291930E500F251A3 /* Sources */,
				E61F251A291930E500F251A3 /* Frameworks */,
				E61F251B291930E500F251A3 /* Resources */,
			);
			buildRules = (
			);
			dependencies = (
				E61F251F291930E500F251A3 /* PBXTargetDependency */,
			);
			name = QixinCooperationAgencyUITests;
			productName = QixinCooperationAgencyUITests;
			productReference = E61F251D291930E500F251A3 /* QixinCooperationAgencyUITests.xctest */;
			productType = "com.apple.product-type.bundle.ui-testing";
		};
/* End PBXNativeTarget section */

/* Begin PBXProject section */
		E61F24F2291930E300F251A3 /* Project object */ = {
			isa = PBXProject;
			attributes = {
				BuildIndependentTargetsInParallel = 1;
				LastSwiftUpdateCheck = 1410;
				LastUpgradeCheck = 1410;
				TargetAttributes = {
					E61F24F9291930E300F251A3 = {
						CreatedOnToolsVersion = 14.1;
					};
					E61F2512291930E500F251A3 = {
						CreatedOnToolsVersion = 14.1;
						TestTargetID = E61F24F9291930E300F251A3;
					};
					E61F251C291930E500F251A3 = {
						CreatedOnToolsVersion = 14.1;
						TestTargetID = E61F24F9291930E300F251A3;
					};
				};
			};
			buildConfigurationList = E61F24F5291930E300F251A3 /* Build configuration list for PBXProject "QixinCooperationAgency" */;
			compatibilityVersion = "Xcode 14.0";
			developmentRegion = en;
			hasScannedForEncodings = 0;
			knownRegions = (
				en,
				Base,
			);
			mainGroup = E61F24F1291930E300F251A3;
			productRefGroup = E61F24FB291930E300F251A3 /* Products */;
			projectDirPath = "";
			projectRoot = "";
			targets = (
				E61F24F9291930E300F251A3 /* QixinCooperationAgency */,
				E61F2512291930E500F251A3 /* QixinCooperationAgencyTests */,
				E61F251C291930E500F251A3 /* QixinCooperationAgencyUITests */,
			);
		};
/* End PBXProject section */

/* Begin PBXResourcesBuildPhase section */
		E61F24F8291930E300F251A3 /* Resources */ = {
			isa = PBXResourcesBuildPhase;
			buildActionMask = 2147483647;
			files = (
				E61F250D291930E500F251A3 /* LaunchScreen.storyboard in Resources */,
				E61F250A291930E500F251A3 /* Assets.xcassets in Resources */,
				E61F2505291930E300F251A3 /* Main.storyboard in Resources */,
			);
			runOnlyForDeploymentPostprocessing = 0;
		};
		E61F2511291930E500F251A3 /* Resources */ = {
			isa = PBXResourcesBuildPhase;
			buildActionMask = 2147483647;
			files = (
			);
			runOnlyForDeploymentPostprocessing = 0;
		};
		E61F251B291930E500F251A3 /* Resources */ = {
			isa = PBXResourcesBuildPhase;
			buildActionMask = 2147483647;
			files = (
			);
			runOnlyForDeploymentPostprocessing = 0;
		};
/* End PBXResourcesBuildPhase section */

/* Begin PBXSourcesBuildPhase section */
		E61F24F6291930E300F251A3 /* Sources */ = {
			isa = PBXSourcesBuildPhase;
			buildActionMask = 2147483647;
			files = (
				E61F2502291930E300F251A3 /* ViewController.swift in Sources */,
				E61F24FE291930E300F251A3 /* AppDelegate.swift in Sources */,
				E61F2508291930E300F251A3 /* QixinCooperationAgency.xcdatamodeld in Sources */,
				E61F2500291930E300F251A3 /* SceneDelegate.swift in Sources */,
			);
			runOnlyForDeploymentPostprocessing = 0;
		};
		E61F250F291930E500F251A3 /* Sources */ = {
			isa = PBXSourcesBuildPhase;
			buildActionMask = 2147483647;
			files = (
				E61F2518291930E500F251A3 /* QixinCooperationAgencyTests.swift in Sources */,
			);
			runOnlyForDeploymentPostprocessing = 0;
		};
		E61F2519291930E500F251A3 /* Sources */ = {
			isa = PBXSourcesBuildPhase;
			buildActionMask = 2147483647;
			files = (
				E61F2522291930E500F251A3 /* QixinCooperationAgencyUITests.swift in Sources */,
				E61F2524291930E500F251A3 /* QixinCooperationAgencyUITestsLaunchTests.swift in Sources */,
			);
			runOnlyForDeploymentPostprocessing = 0;
		};
/* End PBXSourcesBuildPhase section */

/* Begin PBXTargetDependency section */
		E61F2515291930E500F251A3 /* PBXTargetDependency */ = {
			isa = PBXTargetDependency;
			target = E61F24F9291930E300F251A3 /* QixinCooperationAgency */;
			targetProxy = E61F2514291930E500F251A3 /* PBXContainerItemProxy */;
		};
		E61F251F291930E500F251A3 /* PBXTargetDependency */ = {
			isa = PBXTargetDependency;
			target = E61F24F9291930E300F251A3 /* QixinCooperationAgency */;
			targetProxy = E61F251E291930E500F251A3 /* PBXContainerItemProxy */;
		};
/* End PBXTargetDependency section */

/* Begin PBXVariantGroup section */
		E61F2503291930E300F251A3 /* Main.storyboard */ = {
			isa = PBXVariantGroup;
			children = (
				E61F2504291930E300F251A3 /* Base */,
			);
			name = Main.storyboard;
			sourceTree = "<group>";
		};
		E61F250B291930E500F251A3 /* LaunchScreen.storyboard */ = {
			isa = PBXVariantGroup;
			children = (
				E61F250C291930E500F251A3 /* Base */,
			);
			name = LaunchScreen.storyboard;
			sourceTree = "<group>";
		};
/* End PBXVariantGroup section */

/* Begin XCBuildConfiguration section */
		E61F2525291930E500F251A3 /* Debug */ = {
			isa = XCBuildConfiguration;
			buildSettings = {
				ALWAYS_SEARCH_USER_PATHS = NO;
				CLANG_ANALYZER_NONNULL = YES;
				CLANG_ANALYZER_NUMBER_OBJECT_CONVERSION = YES_AGGRESSIVE;
				CLANG_CXX_LANGUAGE_STANDARD = "gnu++20";
				CLANG_ENABLE_MODULES = YES;
				CLANG_ENABLE_OBJC_ARC = YES;
				CLANG_ENABLE_OBJC_WEAK = YES;
				CLANG_WARN_BLOCK_CAPTURE_AUTORELEASING = YES;
				CLANG_WARN_BOOL_CONVERSION = YES;
				CLANG_WARN_COMMA = YES;
				CLANG_WARN_CONSTANT_CONVERSION = YES;
				CLANG_WARN_DEPRECATED_OBJC_IMPLEMENTATIONS = YES;
				CLANG_WARN_DIRECT_OBJC_ISA_USAGE = YES_ERROR;
				CLANG_WARN_DOCUMENTATION_COMMENTS = YES;
				CLANG_WARN_EMPTY_BODY = YES;
				CLANG_WARN_ENUM_CONVERSION = YES;
				CLANG_WARN_INFINITE_RECURSION = YES;
				CLANG_WARN_INT_CONVERSION = YES;
				CLANG_WARN_NON_LITERAL_NULL_CONVERSION = YES;
				CLANG_WARN_OBJC_IMPLICIT_RETAIN_SELF = YES;
				CLANG_WARN_OBJC_LITERAL_CONVERSION = YES;
				CLANG_WARN_OBJC_ROOT_CLASS = YES_ERROR;
				CLANG_WARN_QUOTED_INCLUDE_IN_FRAMEWORK_HEADER = YES;
				CLANG_WARN_RANGE_LOOP_ANALYSIS = YES;
				CLANG_WARN_STRICT_PROTOTYPES = YES;
				CLANG_WARN_SUSPICIOUS_MOVE = YES;
				CLANG_WARN_UNGUARDED_AVAILABILITY = YES_AGGRESSIVE;
				CLANG_WARN_UNREACHABLE_CODE = YES;
				CLANG_WARN__DUPLICATE_METHOD_MATCH = YES;
				COPY_PHASE_STRIP = NO;
				DEBUG_INFORMATION_FORMAT = dwarf;
				ENABLE_STRICT_OBJC_MSGSEND = YES;
				ENABLE_TESTABILITY = YES;
				GCC_C_LANGUAGE_STANDARD = gnu11;
				GCC_DYNAMIC_NO_PIC = NO;
				GCC_NO_COMMON_BLOCKS = YES;
				GCC_OPTIMIZATION_LEVEL = 0;
				GCC_PREPROCESSOR_DEFINITIONS = (
					"DEBUG=1",
					"$(inherited)",
				);
				GCC_WARN_64_TO_32_BIT_CONVERSION = YES;
				GCC_WARN_ABOUT_RETURN_TYPE = YES_ERROR;
				GCC_WARN_UNDECLARED_SELECTOR = YES;
				GCC_WARN_UNINITIALIZED_AUTOS = YES_AGGRESSIVE;
				GCC_WARN_UNUSED_FUNCTION = YES;
				GCC_WARN_UNUSED_VARIABLE = YES;
				IPHONEOS_DEPLOYMENT_TARGET = 16.1;
				MTL_ENABLE_DEBUG_INFO = INCLUDE_SOURCE;
				MTL_FAST_MATH = YES;
				ONLY_ACTIVE_ARCH = YES;
				SDKROOT = iphoneos;
				SWIFT_ACTIVE_COMPILATION_CONDITIONS = DEBUG;
				SWIFT_OPTIMIZATION_LEVEL = "-Onone";
			};
			name = Debug;
		};
		E61F2526291930E500F251A3 /* Release */ = {
			isa = XCBuildConfiguration;
			buildSettings = {
				ALWAYS_SEARCH_USER_PATHS = NO;
				CLANG_ANALYZER_NONNULL = YES;
				CLANG_ANALYZER_NUMBER_OBJECT_CONVERSION = YES_AGGRESSIVE;
				CLANG_CXX_LANGUAGE_STANDARD = "gnu++20";
				CLANG_ENABLE_MODULES = YES;
				CLANG_ENABLE_OBJC_ARC = YES;
				CLANG_ENABLE_OBJC_WEAK = YES;
				CLANG_WARN_BLOCK_CAPTURE_AUTORELEASING = YES;
				CLANG_WARN_BOOL_CONVERSION = YES;
				CLANG_WARN_COMMA = YES;
				CLANG_WARN_CONSTANT_CONVERSION = YES;
				CLANG_WARN_DEPRECATED_OBJC_IMPLEMENTATIONS = YES;
				CLANG_WARN_DIRECT_OBJC_ISA_USAGE = YES_ERROR;
				CLANG_WARN_DOCUMENTATION_COMMENTS = YES;
				CLANG_WARN_EMPTY_BODY = YES;
				CLANG_WARN_ENUM_CONVERSION = YES;
				CLANG_WARN_INFINITE_RECURSION = YES;
				CLANG_WARN_INT_CONVERSION = YES;
				CLANG_WARN_NON_LITERAL_NULL_CONVERSION = YES;
				CLANG_WARN_OBJC_IMPLICIT_RETAIN_SELF = YES;
				CLANG_WARN_OBJC_LITERAL_CONVERSION = YES;
				CLANG_WARN_OBJC_ROOT_CLASS = YES_ERROR;
				CLANG_WARN_QUOTED_INCLUDE_IN_FRAMEWORK_HEADER = YES;
				CLANG_WARN_RANGE_LOOP_ANALYSIS = YES;
				CLANG_WARN_STRICT_PROTOTYPES = YES;
				CLANG_WARN_SUSPICIOUS_MOVE = YES;
				CLANG_WARN_UNGUARDED_AVAILABILITY = YES_AGGRESSIVE;
				CLANG_WARN_UNREACHABLE_CODE = YES;
				CLANG_WARN__DUPLICATE_METHOD_MATCH = YES;
				COPY_PHASE_STRIP = NO;
				DEBUG_INFORMATION_FORMAT = "dwarf-with-dsym";
				ENABLE_NS_ASSERTIONS = NO;
				ENABLE_STRICT_OBJC_MSGSEND = YES;
				GCC_C_LANGUAGE_STANDARD = gnu11;
				GCC_NO_COMMON_BLOCKS = YES;
				GCC_WARN_64_TO_32_BIT_CONVERSION = YES;
				GCC_WARN_ABOUT_RETURN_TYPE = YES_ERROR;
				GCC_WARN_UNDECLARED_SELECTOR = YES;
				GCC_WARN_UNINITIALIZED_AUTOS = YES_AGGRESSIVE;
				GCC_WARN_UNUSED_FUNCTION = YES;
				GCC_WARN_UNUSED_VARIABLE = YES;
				IPHONEOS_DEPLOYMENT_TARGET = 16.1;
				MTL_ENABLE_DEBUG_INFO = NO;
				MTL_FAST_MATH = YES;
				SDKROOT = iphoneos;
				SWIFT_COMPILATION_MODE = wholemodule;
				SWIFT_OPTIMIZATION_LEVEL = "-O";
				VALIDATE_PRODUCT = YES;
			};
			name = Release;
		};
		E61F2528291930E500F251A3 /* Debug */ = {
			isa = XCBuildConfiguration;
			buildSettings = {
				ASSETCATALOG_COMPILER_APPICON_NAME = AppIcon;
				ASSETCATALOG_COMPILER_GLOBAL_ACCENT_COLOR_NAME = AccentColor;
				CODE_SIGN_STYLE = Automatic;
				CURRENT_PROJECT_VERSION = 1;
				DEVELOPMENT_TEAM = XN3VR3R29L;
				GENERATE_INFOPLIST_FILE = YES;
				INFOPLIST_FILE = QixinCooperationAgency/Info.plist;
				INFOPLIST_KEY_CFBundleDisplayName = "琦欣协力社";
				INFOPLIST_KEY_UIApplicationSupportsIndirectInputEvents = YES;
				INFOPLIST_KEY_UILaunchStoryboardName = LaunchScreen;
				INFOPLIST_KEY_UIMainStoryboardFile = Main;
				INFOPLIST_KEY_UISupportedInterfaceOrientations_iPad = "UIInterfaceOrientationPortrait UIInterfaceOrientationPortraitUpsideDown UIInterfaceOrientationLandscapeLeft UIInterfaceOrientationLandscapeRight";
				INFOPLIST_KEY_UISupportedInterfaceOrientations_iPhone = "UIInterfaceOrientationPortrait UIInterfaceOrientationLandscapeLeft UIInterfaceOrientationLandscapeRight";
				LD_RUNPATH_SEARCH_PATHS = (
					"$(inherited)",
					"@executable_path/Frameworks",
				);
				MARKETING_VERSION = 1.0;
				PRODUCT_BUNDLE_IDENTIFIER = Acoffer.QixinCooperationAgency;
				PRODUCT_NAME = "$(TARGET_NAME)";
				SWIFT_EMIT_LOC_STRINGS = YES;
				SWIFT_VERSION = 5.0;
				TARGETED_DEVICE_FAMILY = "1,2";
			};
			name = Debug;
		};
		E61F2529291930E500F251A3 /* Release */ = {
			isa = XCBuildConfiguration;
			buildSettings = {
				ASSETCATALOG_COMPILER_APPICON_NAME = AppIcon;
				ASSETCATALOG_COMPILER_GLOBAL_ACCENT_COLOR_NAME = AccentColor;
				CODE_SIGN_STYLE = Automatic;
				CURRENT_PROJECT_VERSION = 1;
				DEVELOPMENT_TEAM = XN3VR3R29L;
				GENERATE_INFOPLIST_FILE = YES;
				INFOPLIST_FILE = QixinCooperationAgency/Info.plist;
				INFOPLIST_KEY_CFBundleDisplayName = "琦欣协力社";
				INFOPLIST_KEY_UIApplicationSupportsIndirectInputEvents = YES;
				INFOPLIST_KEY_UILaunchStoryboardName = LaunchScreen;
				INFOPLIST_KEY_UIMainStoryboardFile = Main;
				INFOPLIST_KEY_UISupportedInterfaceOrientations_iPad = "UIInterfaceOrientationPortrait UIInterfaceOrientationPortraitUpsideDown UIInterfaceOrientationLandscapeLeft UIInterfaceOrientationLandscapeRight";
				INFOPLIST_KEY_UISupportedInterfaceOrientations_iPhone = "UIInterfaceOrientationPortrait UIInterfaceOrientationLandscapeLeft UIInterfaceOrientationLandscapeRight";
				LD_RUNPATH_SEARCH_PATHS = (
					"$(inherited)",
					"@executable_path/Frameworks",
				);
				MARKETING_VERSION = 1.0;
				PRODUCT_BUNDLE_IDENTIFIER = Acoffer.QixinCooperationAgency;
				PRODUCT_NAME = "$(TARGET_NAME)";
				SWIFT_EMIT_LOC_STRINGS = YES;
				SWIFT_VERSION = 5.0;
				TARGETED_DEVICE_FAMILY = "1,2";
			};
			name = Release;
		};
		E61F252B291930E500F251A3 /* Debug */ = {
			isa = XCBuildConfiguration;
			buildSettings = {
				ALWAYS_EMBED_SWIFT_STANDARD_LIBRARIES = YES;
				BUNDLE_LOADER = "$(TEST_HOST)";
				CODE_SIGN_STYLE = Automatic;
				CURRENT_PROJECT_VERSION = 1;
				DEVELOPMENT_TEAM = XN3VR3R29L;
				GENERATE_INFOPLIST_FILE = YES;
				IPHONEOS_DEPLOYMENT_TARGET = 16.1;
				MARKETING_VERSION = 1.0;
				PRODUCT_BUNDLE_IDENTIFIER = Acoffer.QixinCooperationAgencyTests;
				PRODUCT_NAME = "$(TARGET_NAME)";
				SWIFT_EMIT_LOC_STRINGS = NO;
				SWIFT_VERSION = 5.0;
				TARGETED_DEVICE_FAMILY = "1,2";
				TEST_HOST = "$(BUILT_PRODUCTS_DIR)/QixinCooperationAgency.app/$(BUNDLE_EXECUTABLE_FOLDER_PATH)/QixinCooperationAgency";
			};
			name = Debug;
		};
		E61F252C291930E500F251A3 /* Release */ = {
			isa = XCBuildConfiguration;
			buildSettings = {
				ALWAYS_EMBED_SWIFT_STANDARD_LIBRARIES = YES;
				BUNDLE_LOADER = "$(TEST_HOST)";
				CODE_SIGN_STYLE = Automatic;
				CURRENT_PROJECT_VERSION = 1;
				DEVELOPMENT_TEAM = XN3VR3R29L;
				GENERATE_INFOPLIST_FILE = YES;
				IPHONEOS_DEPLOYMENT_TARGET = 16.1;
				MARKETING_VERSION = 1.0;
				PRODUCT_BUNDLE_IDENTIFIER = Acoffer.QixinCooperationAgencyTests;
				PRODUCT_NAME = "$(TARGET_NAME)";
				SWIFT_EMIT_LOC_STRINGS = NO;
				SWIFT_VERSION = 5.0;
				TARGETED_DEVICE_FAMILY = "1,2";
				TEST_HOST = "$(BUILT_PRODUCTS_DIR)/QixinCooperationAgency.app/$(BUNDLE_EXECUTABLE_FOLDER_PATH)/QixinCooperationAgency";
			};
			name = Release;
		};
		E61F252E291930E500F251A3 /* Debug */ = {
			isa = XCBuildConfiguration;
			buildSettings = {
				ALWAYS_EMBED_SWIFT_STANDARD_LIBRARIES = YES;
				CODE_SIGN_STYLE = Automatic;
				CURRENT_PROJECT_VERSION = 1;
				DEVELOPMENT_TEAM = XN3VR3R29L;
				GENERATE_INFOPLIST_FILE = YES;
				MARKETING_VERSION = 1.0;
				PRODUCT_BUNDLE_IDENTIFIER = Acoffer.QixinCooperationAgencyUITests;
				PRODUCT_NAME = "$(TARGET_NAME)";
				SWIFT_EMIT_LOC_STRINGS = NO;
				SWIFT_VERSION = 5.0;
				TARGETED_DEVICE_FAMILY = "1,2";
				TEST_TARGET_NAME = QixinCooperationAgency;
			};
			name = Debug;
		};
		E61F252F291930E500F251A3 /* Release */ = {
			isa = XCBuildConfiguration;
			buildSettings = {
				ALWAYS_EMBED_SWIFT_STANDARD_LIBRARIES = YES;
				CODE_SIGN_STYLE = Automatic;
				CURRENT_PROJECT_VERSION = 1;
				DEVELOPMENT_TEAM = XN3VR3R29L;
				GENERATE_INFOPLIST_FILE = YES;
				MARKETING_VERSION = 1.0;
				PRODUCT_BUNDLE_IDENTIFIER = Acoffer.QixinCooperationAgencyUITests;
				PRODUCT_NAME = "$(TARGET_NAME)";
				SWIFT_EMIT_LOC_STRINGS = NO;
				SWIFT_VERSION = 5.0;
				TARGETED_DEVICE_FAMILY = "1,2";
				TEST_TARGET_NAME = QixinCooperationAgency;
			};
			name = Release;
		};
/* End XCBuildConfiguration section */

/* Begin XCConfigurationList section */
		E61F24F5291930E300F251A3 /* Build configuration list for PBXProject "QixinCooperationAgency" */ = {
			isa = XCConfigurationList;
			buildConfigurations = (
				E61F2525291930E500F251A3 /* Debug */,
				E61F2526291930E500F251A3 /* Release */,
			);
			defaultConfigurationIsVisible = 0;
			defaultConfigurationName = Release;
		};
		E61F2527291930E500F251A3 /* Build configuration list for PBXNativeTarget "QixinCooperationAgency" */ = {
			isa = XCConfigurationList;
			buildConfigurations = (
				E61F2528291930E500F251A3 /* Debug */,
				E61F2529291930E500F251A3 /* Release */,
			);
			defaultConfigurationIsVisible = 0;
			defaultConfigurationName = Release;
		};
		E61F252A291930E500F251A3 /* Build configuration list for PBXNativeTarget "QixinCooperationAgencyTests" */ = {
			isa = XCConfigurationList;
			buildConfigurations = (
				E61F252B291930E500F251A3 /* Debug */,
				E61F252C291930E500F251A3 /* Release */,
			);
			defaultConfigurationIsVisible = 0;
			defaultConfigurationName = Release;
		};
		E61F252D291930E500F251A3 /* Build configuration list for PBXNativeTarget "QixinCooperationAgencyUITests" */ = {
			isa = XCConfigurationList;
			buildConfigurations = (
				E61F252E291930E500F251A3 /* Debug */,
				E61F252F291930E500F251A3 /* Release */,
			);
			defaultConfigurationIsVisible = 0;
			defaultConfigurationName = Release;
		};
/* End XCConfigurationList section */

/* Begin XCVersionGroup section */
		E61F2506291930E300F251A3 /* QixinCooperationAgency.xcdatamodeld */ = {
			isa = XCVersionGroup;
			children = (
				E61F2507291930E300F251A3 /* QixinCooperationAgency.xcdatamodel */,
			);
			currentVersion = E61F2507291930E300F251A3 /* QixinCooperationAgency.xcdatamodel */;
			path = QixinCooperationAgency.xcdatamodeld;
			sourceTree = "<group>";
			versionGroupType = wrapper.xcdatamodel;
		};
/* End XCVersionGroup section */
	};
	rootObject = E61F24F2291930E300F251A3 /* Project object */;
}
